
Microsoft Visual Studio Solution File, Format Version 12.00
# Visual Studio Version 17
VisualStudioVersion = 17.9.34723.18
MinimumVisualStudioVersion = 10.0.40219.1
Project("{FAE04EC0-301F-11D3-BF4B-00C04F79EFBC}") = "Task3Project", "Task3Project.csproj", "{28185254-E60C-4440-8016-4F7653342574}"
EndProject
Global
	GlobalSection(SolutionConfigurationPlatforms) = preSolution
		Debug|Any CPU = Debug|Any CPU
		Release|Any CPU = Release|Any CPU
	EndGlobalSection
	GlobalSection(ProjectConfigurationPlatforms) = postSolution
		{28185254-E60C-4440-8016-4F7653342574}.Debug|Any CPU.ActiveCfg = Debug|Any CPU
		{28185254-E60C-4440-8016-4F7653342574}.Debug|Any CPU.Build.0 = Debug|Any CPU
		{28185254-E60C-4440-8016-4F7653342574}.Release|Any CPU.ActiveCfg = Release|Any CPU
		{28185254-E60C-4440-8016-4F7653342574}.Release|Any CPU.Build.0 = Release|Any CPU
	EndGlobalSection
	GlobalSection(SolutionProperties) = preSolution
		HideSolutionNode = FALSE
	EndGlobalSection
	GlobalSection(ExtensibilityGlobals) = postSolution
		SolutionGuid = {50AB4C9B-F53A-4E6B-9870-8E46C1872AF4}
	EndGlobalSection
EndGlobal
